
Microsoft Visual Studio Solution File, Format Version 12.00
# Visual Studio Version 17
VisualStudioVersion = 17.0.31903.59
MinimumVisualStudioVersion = 10.0.40219.1
Project("{2150E333-8FDC-42A3-9474-1A3956D46DE8}") = "source", "source", "{2099E517-8D04-4F02-9543-DEE9DF69FDC6}"
EndProject
Project("{2150E333-8FDC-42A3-9474-1A3956D46DE8}") = "tests", "tests", "{4F7059AF-B6FD-404F-85F0-B2BB12CB9DBC}"
	ProjectSection(SolutionItems) = preProject
		tests\README.md = tests\README.md
	EndProjectSection
EndProject
Project("{FAE04EC0-301F-11D3-BF4B-00C04F79EFBC}") = "Domain", "source\Domain\Domain.csproj", "{68397AB5-1BAB-4BDE-99C6-D4718B3A2A0E}"
EndProject
Project("{FAE04EC0-301F-11D3-BF4B-00C04F79EFBC}") = "Application", "source\Application\Application.csproj", "{FC6EA05B-DE19-4740-A11C-FEE3D6DE7C83}"
EndProject
Project("{FAE04EC0-301F-11D3-BF4B-00C04F79EFBC}") = "Infrastructure", "source\Infrastructure\Infrastructure.csproj", "{F76176A9-0889-4A2D-A104-60AC73DBACA8}"
EndProject
Project("{FAE04EC0-301F-11D3-BF4B-00C04F79EFBC}") = "API", "source\API\API.csproj", "{DB78563E-9973-4128-A1E2-66A2CFE7AB6D}"
EndProject
Project("{FAE04EC0-301F-11D3-BF4B-00C04F79EFBC}") = "Shared", "tests\Shared\Shared.csproj", "{2F5BF0E1-0947-454F-A951-7B02FE1F5838}"
EndProject
Project("{FAE04EC0-301F-11D3-BF4B-00C04F79EFBC}") = "API.UnitTests", "tests\API.UnitTests\API.UnitTests.csproj", "{D489D9E0-2B9E-4164-A7ED-971DDB7DD484}"
EndProject
Project("{FAE04EC0-301F-11D3-BF4B-00C04F79EFBC}") = "ArchitectureTests", "tests\ArchitectureTests\ArchitectureTests.csproj", "{77AD6762-9FEF-490B-9E35-056BBA86790A}"
EndProject
Project("{FAE04EC0-301F-11D3-BF4B-00C04F79EFBC}") = "API.IntegrationTests", "tests\API.IntegrationTests\API.IntegrationTests.csproj", "{F6F020FE-CB41-44E4-AB7C-39F660B36D02}"
EndProject
Project("{FAE04EC0-301F-11D3-BF4B-00C04F79EFBC}") = "Infrastructure.UnitTests", "tests\Infrastructure.UnitTests\Infrastructure.UnitTests.csproj", "{3DC4C2FC-6899-4AA9-B992-85127906DA84}"
EndProject
Project("{FAE04EC0-301F-11D3-BF4B-00C04F79EFBC}") = "Infrastructure.IntegrationTests", "tests\Infrastructure.IntegrationTests\Infrastructure.IntegrationTests.csproj", "{9531CECB-432C-4AE1-A468-544CB66554D4}"
EndProject
Global
	GlobalSection(SolutionConfigurationPlatforms) = preSolution
		Debug|Any CPU = Debug|Any CPU
		Release|Any CPU = Release|Any CPU
	EndGlobalSection
	GlobalSection(SolutionProperties) = preSolution
		HideSolutionNode = FALSE
	EndGlobalSection
	GlobalSection(NestedProjects) = preSolution
		{68397AB5-1BAB-4BDE-99C6-D4718B3A2A0E} = {2099E517-8D04-4F02-9543-DEE9DF69FDC6}
		{FC6EA05B-DE19-4740-A11C-FEE3D6DE7C83} = {2099E517-8D04-4F02-9543-DEE9DF69FDC6}
		{F76176A9-0889-4A2D-A104-60AC73DBACA8} = {2099E517-8D04-4F02-9543-DEE9DF69FDC6}
		{DB78563E-9973-4128-A1E2-66A2CFE7AB6D} = {2099E517-8D04-4F02-9543-DEE9DF69FDC6}
		{2F5BF0E1-0947-454F-A951-7B02FE1F5838} = {4F7059AF-B6FD-404F-85F0-B2BB12CB9DBC}
		{D489D9E0-2B9E-4164-A7ED-971DDB7DD484} = {4F7059AF-B6FD-404F-85F0-B2BB12CB9DBC}
		{77AD6762-9FEF-490B-9E35-056BBA86790A} = {4F7059AF-B6FD-404F-85F0-B2BB12CB9DBC}
		{F6F020FE-CB41-44E4-AB7C-39F660B36D02} = {4F7059AF-B6FD-404F-85F0-B2BB12CB9DBC}
		{3DC4C2FC-6899-4AA9-B992-85127906DA84} = {4F7059AF-B6FD-404F-85F0-B2BB12CB9DBC}
		{9531CECB-432C-4AE1-A468-544CB66554D4} = {4F7059AF-B6FD-404F-85F0-B2BB12CB9DBC}
	EndGlobalSection
	GlobalSection(ProjectConfigurationPlatforms) = postSolution
		{68397AB5-1BAB-4BDE-99C6-D4718B3A2A0E}.Debug|Any CPU.ActiveCfg = Debug|Any CPU
		{68397AB5-1BAB-4BDE-99C6-D4718B3A2A0E}.Debug|Any CPU.Build.0 = Debug|Any CPU
		{68397AB5-1BAB-4BDE-99C6-D4718B3A2A0E}.Release|Any CPU.ActiveCfg = Release|Any CPU
		{68397AB5-1BAB-4BDE-99C6-D4718B3A2A0E}.Release|Any CPU.Build.0 = Release|Any CPU
		{FC6EA05B-DE19-4740-A11C-FEE3D6DE7C83}.Debug|Any CPU.ActiveCfg = Debug|Any CPU
		{FC6EA05B-DE19-4740-A11C-FEE3D6DE7C83}.Debug|Any CPU.Build.0 = Debug|Any CPU
		{FC6EA05B-DE19-4740-A11C-FEE3D6DE7C83}.Release|Any CPU.ActiveCfg = Release|Any CPU
		{FC6EA05B-DE19-4740-A11C-FEE3D6DE7C83}.Release|Any CPU.Build.0 = Release|Any CPU
		{F76176A9-0889-4A2D-A104-60AC73DBACA8}.Debug|Any CPU.ActiveCfg = Debug|Any CPU
		{F76176A9-0889-4A2D-A104-60AC73DBACA8}.Debug|Any CPU.Build.0 = Debug|Any CPU
		{F76176A9-0889-4A2D-A104-60AC73DBACA8}.Release|Any CPU.ActiveCfg = Release|Any CPU
		{F76176A9-0889-4A2D-A104-60AC73DBACA8}.Release|Any CPU.Build.0 = Release|Any CPU
		{DB78563E-9973-4128-A1E2-66A2CFE7AB6D}.Debug|Any CPU.ActiveCfg = Debug|Any CPU
		{DB78563E-9973-4128-A1E2-66A2CFE7AB6D}.Debug|Any CPU.Build.0 = Debug|Any CPU
		{DB78563E-9973-4128-A1E2-66A2CFE7AB6D}.Release|Any CPU.ActiveCfg = Release|Any CPU
		{DB78563E-9973-4128-A1E2-66A2CFE7AB6D}.Release|Any CPU.Build.0 = Release|Any CPU
		{2F5BF0E1-0947-454F-A951-7B02FE1F5838}.Debug|Any CPU.ActiveCfg = Debug|Any CPU
		{2F5BF0E1-0947-454F-A951-7B02FE1F5838}.Debug|Any CPU.Build.0 = Debug|Any CPU
		{2F5BF0E1-0947-454F-A951-7B02FE1F5838}.Release|Any CPU.ActiveCfg = Release|Any CPU
		{2F5BF0E1-0947-454F-A951-7B02FE1F5838}.Release|Any CPU.Build.0 = Release|Any CPU
		{D489D9E0-2B9E-4164-A7ED-971DDB7DD484}.Debug|Any CPU.ActiveCfg = Debug|Any CPU
		{D489D9E0-2B9E-4164-A7ED-971DDB7DD484}.Debug|Any CPU.Build.0 = Debug|Any CPU
		{D489D9E0-2B9E-4164-A7ED-971DDB7DD484}.Release|Any CPU.ActiveCfg = Release|Any CPU
		{D489D9E0-2B9E-4164-A7ED-971DDB7DD484}.Release|Any CPU.Build.0 = Release|Any CPU
		{77AD6762-9FEF-490B-9E35-056BBA86790A}.Debug|Any CPU.ActiveCfg = Debug|Any CPU
		{77AD6762-9FEF-490B-9E35-056BBA86790A}.Debug|Any CPU.Build.0 = Debug|Any CPU
		{77AD6762-9FEF-490B-9E35-056BBA86790A}.Release|Any CPU.ActiveCfg = Release|Any CPU
		{77AD6762-9FEF-490B-9E35-056BBA86790A}.Release|Any CPU.Build.0 = Release|Any CPU
		{F6F020FE-CB41-44E4-AB7C-39F660B36D02}.Debug|Any CPU.ActiveCfg = Debug|Any CPU
		{F6F020FE-CB41-44E4-AB7C-39F660B36D02}.Debug|Any CPU.Build.0 = Debug|Any CPU
		{F6F020FE-CB41-44E4-AB7C-39F660B36D02}.Release|Any CPU.ActiveCfg = Release|Any CPU
		{F6F020FE-CB41-44E4-AB7C-39F660B36D02}.Release|Any CPU.Build.0 = Release|Any CPU
		{3DC4C2FC-6899-4AA9-B992-85127906DA84}.Debug|Any CPU.ActiveCfg = Debug|Any CPU
		{3DC4C2FC-6899-4AA9-B992-85127906DA84}.Debug|Any CPU.Build.0 = Debug|Any CPU
		{3DC4C2FC-6899-4AA9-B992-85127906DA84}.Release|Any CPU.ActiveCfg = Release|Any CPU
		{3DC4C2FC-6899-4AA9-B992-85127906DA84}.Release|Any CPU.Build.0 = Release|Any CPU
		{9531CECB-432C-4AE1-A468-544CB66554D4}.Debug|Any CPU.ActiveCfg = Debug|Any CPU
		{9531CECB-432C-4AE1-A468-544CB66554D4}.Debug|Any CPU.Build.0 = Debug|Any CPU
		{9531CECB-432C-4AE1-A468-544CB66554D4}.Release|Any CPU.ActiveCfg = Release|Any CPU
		{9531CECB-432C-4AE1-A468-544CB66554D4}.Release|Any CPU.Build.0 = Release|Any CPU
	EndGlobalSection
EndGlobal
